// !$*UTF8*$!
{
	archiveVersion = 1;
	classes = {
	};
	objectVersion = 50;
	objects = {

/* Begin PBXBuildFile section */
		2CD9F38FA9AA0258E72447B6 /* Pods_3Dify.framework in Frameworks */ = {isa = PBXBuildFile; fileRef = 0B6282E6A907A1F89B32F01D /* Pods_3Dify.framework */; };
		BE09D4EE243C89B900CFCF4D /* DepthImageConvertible.swift in Sources */ = {isa = PBXBuildFile; fileRef = BE09D4ED243C89B900CFCF4D /* DepthImageConvertible.swift */; };
		BE124EC32435D9D70004A66E /* BlurPassEncoder.m in Sources */ = {isa = PBXBuildFile; fileRef = BE124EC22435D9D70004A66E /* BlurPassEncoder.m */; };
		BE124EC62435DE6C0004A66E /* Blur.metal in Sources */ = {isa = PBXBuildFile; fileRef = BE124EC52435DE6C0004A66E /* Blur.metal */; };
		BE14CA67243DE6C100D927CE /* image-banner.jpg in Resources */ = {isa = PBXBuildFile; fileRef = BE14CA66243DE6C100D927CE /* image-banner.jpg */; };
		BE1C24F92426150900276024 /* AppDelegate.swift in Sources */ = {isa = PBXBuildFile; fileRef = BE1C24F82426150900276024 /* AppDelegate.swift */; };
		BE1C24FB2426150900276024 /* SceneDelegate.swift in Sources */ = {isa = PBXBuildFile; fileRef = BE1C24FA2426150900276024 /* SceneDelegate.swift */; };
		BE1C24FD2426150900276024 /* HomeView.swift in Sources */ = {isa = PBXBuildFile; fileRef = BE1C24FC2426150900276024 /* HomeView.swift */; };
		BE1C24FF2426150900276024 /* Assets.xcassets in Resources */ = {isa = PBXBuildFile; fileRef = BE1C24FE2426150900276024 /* Assets.xcassets */; };
		BE1C25022426150900276024 /* Preview Assets.xcassets in Resources */ = {isa = PBXBuildFile; fileRef = BE1C25012426150900276024 /* Preview Assets.xcassets */; };
		BE1C25052426150900276024 /* LaunchScreen.storyboard in Resources */ = {isa = PBXBuildFile; fileRef = BE1C25032426150900276024 /* LaunchScreen.storyboard */; };
		BE2688AB242B5B8700F165C5 /* AVDepthData+Utils.swift in Sources */ = {isa = PBXBuildFile; fileRef = BE2688A1242B5B1100F165C5 /* AVDepthData+Utils.swift */; };
		BE2688AC242B5B8700F165C5 /* CGImageSource+Utils.swift in Sources */ = {isa = PBXBuildFile; fileRef = BE2688A4242B5B1200F165C5 /* CGImageSource+Utils.swift */; };
		BE2688AE242B5B8700F165C5 /* CVPixelBuffer+Utils.swift in Sources */ = {isa = PBXBuildFile; fileRef = BE26889F242B5B1100F165C5 /* CVPixelBuffer+Utils.swift */; };
		BE2688B0242B5B8700F165C5 /* UIImage+Utils.swift in Sources */ = {isa = PBXBuildFile; fileRef = BE2688A2242B5B1100F165C5 /* UIImage+Utils.swift */; };
		BE2688B1242B5B8700F165C5 /* PHAsset+Utils.swift in Sources */ = {isa = PBXBuildFile; fileRef = BE26887C242B581600F165C5 /* PHAsset+Utils.swift */; };
		BE31A11B242A7C7300019FE1 /* DepthImage.swift in Sources */ = {isa = PBXBuildFile; fileRef = BE31A11A242A7C7300019FE1 /* DepthImage.swift */; };
		BE8535262430F15600557392 /* ControlView.swift in Sources */ = {isa = PBXBuildFile; fileRef = BE8535252430F15600557392 /* ControlView.swift */; };
		BE87EA1A243C552300BF1B02 /* ButtonStyles.swift in Sources */ = {isa = PBXBuildFile; fileRef = BE87EA19243C552300BF1B02 /* ButtonStyles.swift */; };
		BE8B3FDB242FE86E0075F6EA /* CameraRollVideo.swift in Sources */ = {isa = PBXBuildFile; fileRef = BE8B3FDA242FE86E0075F6EA /* CameraRollVideo.swift */; };
		BEBF333E242F9342008EEDAD /* ImagePickerView.swift in Sources */ = {isa = PBXBuildFile; fileRef = BEBF333D242F9342008EEDAD /* ImagePickerView.swift */; };
		BEBF3340242F9907008EEDAD /* CameraView.swift in Sources */ = {isa = PBXBuildFile; fileRef = BEBF333F242F9907008EEDAD /* CameraView.swift */; };
		BEBF3342242F9B09008EEDAD /* CameraPreviewView.swift in Sources */ = {isa = PBXBuildFile; fileRef = BEBF3341242F9B09008EEDAD /* CameraPreviewView.swift */; };
		BECDE37F24338E0C00939DBA /* MetalParallaxView.swift in Sources */ = {isa = PBXBuildFile; fileRef = BECDE37E24338E0C00939DBA /* MetalParallaxView.swift */; };
		BECDE3D12434805B00939DBA /* ProjectTexture.metal in Sources */ = {isa = PBXBuildFile; fileRef = BECDE3B62434805B00939DBA /* ProjectTexture.metal */; };
		BECDE3E424348EFF00939DBA /* ParallaxOcclusionPassEncoder.m in Sources */ = {isa = PBXBuildFile; fileRef = BECDE3E12434879600939DBA /* ParallaxOcclusionPassEncoder.m */; };
		BECDE3E72434AB7300939DBA /* ParallaxOcclusion.metal in Sources */ = {isa = PBXBuildFile; fileRef = BECDE3DE2434842B00939DBA /* ParallaxOcclusion.metal */; };
		BED5F75F24310A2F001A2667 /* LoadingView.swift in Sources */ = {isa = PBXBuildFile; fileRef = BED5F75E24310A2F001A2667 /* LoadingView.swift */; };
		BEE92E1F243F358E00B3A23F /* FCRN.mlmodel in Sources */ = {isa = PBXBuildFile; fileRef = BEE92E1E243F358E00B3A23F /* FCRN.mlmodel */; };
		BEEA81B0242C9AA10074BBAE /* OptimizedPydnet.mlmodel in Sources */ = {isa = PBXBuildFile; fileRef = BEEA81AF242C9AA10074BBAE /* OptimizedPydnet.mlmodel */; };
		BEFABCC3243B79D6007F89B2 /* StoreKit.framework in Frameworks */ = {isa = PBXBuildFile; fileRef = BEFABCC2243B79D6007F89B2 /* StoreKit.framework */; };
		BEFABCC6243B7A6E007F89B2 /* InAppPurchaseView.swift in Sources */ = {isa = PBXBuildFile; fileRef = BEFABCC5243B7A6E007F89B2 /* InAppPurchaseView.swift */; };
		BEFD9CF124407B9B00880A8A /* CustomPhotoAlbum.swift in Sources */ = {isa = PBXBuildFile; fileRef = BEFD9CF024407B9B00880A8A /* CustomPhotoAlbum.swift */; };
		BEFD9CFA2440AA8200880A8A /* MLMultiArray+Image.swift in Sources */ = {isa = PBXBuildFile; fileRef = BEFD9CF82440AA8200880A8A /* MLMultiArray+Image.swift */; };
		BEFD9CFB2440AA8200880A8A /* CGImage+RawBytes.swift in Sources */ = {isa = PBXBuildFile; fileRef = BEFD9CF92440AA8200880A8A /* CGImage+RawBytes.swift */; };
		BEFD9CFD2440CE1700880A8A /* BlurView.swift in Sources */ = {isa = PBXBuildFile; fileRef = BEFD9CFC2440CE1700880A8A /* BlurView.swift */; };
		BEFDCA34242B5CBB002AF520 /* Colors.swift in Sources */ = {isa = PBXBuildFile; fileRef = BEFDCA33242B5CBB002AF520 /* Colors.swift */; };
/* End PBXBuildFile section */

/* Begin PBXFileReference section */
		0B6282E6A907A1F89B32F01D /* Pods_3Dify.framework */ = {isa = PBXFileReference; explicitFileType = wrapper.framework; includeInIndex = 0; path = Pods_3Dify.framework; sourceTree = BUILT_PRODUCTS_DIR; };
		5035609665D29C54E09A49C4 /* Pods-3Dify.debug.xcconfig */ = {isa = PBXFileReference; includeInIndex = 1; lastKnownFileType = text.xcconfig; name = "Pods-3Dify.debug.xcconfig"; path = "Pods/Target Support Files/Pods-3Dify/Pods-3Dify.debug.xcconfig"; sourceTree = "<group>"; };
		66433675B1DBDD5FA195B763 /* Pods-3Dify.release.xcconfig */ = {isa = PBXFileReference; includeInIndex = 1; lastKnownFileType = text.xcconfig; name = "Pods-3Dify.release.xcconfig"; path = "Pods/Target Support Files/Pods-3Dify/Pods-3Dify.release.xcconfig"; sourceTree = "<group>"; };
		BE09D4ED243C89B900CFCF4D /* DepthImageConvertible.swift */ = {isa = PBXFileReference; lastKnownFileType = sourcecode.swift; path = DepthImageConvertible.swift; sourceTree = "<group>"; };
		BE124EC22435D9D70004A66E /* BlurPassEncoder.m */ = {isa = PBXFileReference; lastKnownFileType = sourcecode.c.objc; path = BlurPassEncoder.m; sourceTree = "<group>"; };
		BE124EC42435DC7B0004A66E /* BlurPassEncoder.h */ = {isa = PBXFileReference; lastKnownFileType = sourcecode.c.h; path = BlurPassEncoder.h; sourceTree = "<group>"; };
		BE124EC52435DE6C0004A66E /* Blur.metal */ = {isa = PBXFileReference; lastKnownFileType = sourcecode.metal; path = Blur.metal; sourceTree = "<group>"; };
		BE14CA66243DE6C100D927CE /* image-banner.jpg */ = {isa = PBXFileReference; lastKnownFileType = image.jpeg; name = "image-banner.jpg"; path = "../Design/image-banner.jpg"; sourceTree = "<group>"; };
		BE1C24F52426150900276024 /* 3Dify.app */ = {isa = PBXFileReference; explicitFileType = wrapper.application; includeInIndex = 0; path = 3Dify.app; sourceTree = BUILT_PRODUCTS_DIR; };
		BE1C24F82426150900276024 /* AppDelegate.swift */ = {isa = PBXFileReference; lastKnownFileType = sourcecode.swift; path = AppDelegate.swift; sourceTree = "<group>"; };
		BE1C24FA2426150900276024 /* SceneDelegate.swift */ = {isa = PBXFileReference; lastKnownFileType = sourcecode.swift; path = SceneDelegate.swift; sourceTree = "<group>"; };
		BE1C24FC2426150900276024 /* HomeView.swift */ = {isa = PBXFileReference; lastKnownFileType = sourcecode.swift; path = HomeView.swift; sourceTree = "<group>"; };
		BE1C24FE2426150900276024 /* Assets.xcassets */ = {isa = PBXFileReference; lastKnownFileType = folder.assetcatalog; path = Assets.xcassets; sourceTree = "<group>"; };
		BE1C25012426150900276024 /* Preview Assets.xcassets */ = {isa = PBXFileReference; lastKnownFileType = folder.assetcatalog; path = "Preview Assets.xcassets"; sourceTree = "<group>"; };
		BE1C25042426150900276024 /* Base */ = {isa = PBXFileReference; lastKnownFileType = file.storyboard; name = Base; path = Base.lproj/LaunchScreen.storyboard; sourceTree = "<group>"; };
		BE1C25062426150900276024 /* Info.plist */ = {isa = PBXFileReference; lastKnownFileType = text.plist.xml; path = Info.plist; sourceTree = "<group>"; };
		BE26887C242B581600F165C5 /* PHAsset+Utils.swift */ = {isa = PBXFileReference; lastKnownFileType = sourcecode.swift; path = "PHAsset+Utils.swift"; sourceTree = "<group>"; };
		BE26889F242B5B1100F165C5 /* CVPixelBuffer+Utils.swift */ = {isa = PBXFileReference; lastKnownFileType = sourcecode.swift; path = "CVPixelBuffer+Utils.swift"; sourceTree = "<group>"; };
		BE2688A1242B5B1100F165C5 /* AVDepthData+Utils.swift */ = {isa = PBXFileReference; lastKnownFileType = sourcecode.swift; path = "AVDepthData+Utils.swift"; sourceTree = "<group>"; };
		BE2688A2242B5B1100F165C5 /* UIImage+Utils.swift */ = {isa = PBXFileReference; lastKnownFileType = sourcecode.swift; path = "UIImage+Utils.swift"; sourceTree = "<group>"; };
		BE2688A4242B5B1200F165C5 /* CGImageSource+Utils.swift */ = {isa = PBXFileReference; lastKnownFileType = sourcecode.swift; path = "CGImageSource+Utils.swift"; sourceTree = "<group>"; };
		BE31A11A242A7C7300019FE1 /* DepthImage.swift */ = {isa = PBXFileReference; lastKnownFileType = sourcecode.swift; path = DepthImage.swift; sourceTree = "<group>"; };
		BE8535252430F15600557392 /* ControlView.swift */ = {isa = PBXFileReference; lastKnownFileType = sourcecode.swift; path = ControlView.swift; sourceTree = "<group>"; };
		BE87EA19243C552300BF1B02 /* ButtonStyles.swift */ = {isa = PBXFileReference; lastKnownFileType = sourcecode.swift; path = ButtonStyles.swift; sourceTree = "<group>"; };
		BE8B3FDA242FE86E0075F6EA /* CameraRollVideo.swift */ = {isa = PBXFileReference; lastKnownFileType = sourcecode.swift; path = CameraRollVideo.swift; sourceTree = "<group>"; };
		BEBF333D242F9342008EEDAD /* ImagePickerView.swift */ = {isa = PBXFileReference; fileEncoding = 4; lastKnownFileType = sourcecode.swift; path = ImagePickerView.swift; sourceTree = "<group>"; };
		BEBF333F242F9907008EEDAD /* CameraView.swift */ = {isa = PBXFileReference; lastKnownFileType = sourcecode.swift; path = CameraView.swift; sourceTree = "<group>"; };
		BEBF3341242F9B09008EEDAD /* CameraPreviewView.swift */ = {isa = PBXFileReference; lastKnownFileType = sourcecode.swift; path = CameraPreviewView.swift; sourceTree = "<group>"; };
		BECDE37E24338E0C00939DBA /* MetalParallaxView.swift */ = {isa = PBXFileReference; fileEncoding = 4; lastKnownFileType = sourcecode.swift; path = MetalParallaxView.swift; sourceTree = "<group>"; };
		BECDE3B62434805B00939DBA /* ProjectTexture.metal */ = {isa = PBXFileReference; fileEncoding = 4; lastKnownFileType = sourcecode.metal; path = ProjectTexture.metal; sourceTree = "<group>"; };
		BECDE3CE2434805B00939DBA /* TextureMappingVertex.h */ = {isa = PBXFileReference; fileEncoding = 4; lastKnownFileType = sourcecode.c.h; path = TextureMappingVertex.h; sourceTree = "<group>"; };
		BECDE3DC243480DE00939DBA /* 3Dify-Bridging-Header.h */ = {isa = PBXFileReference; lastKnownFileType = sourcecode.c.h; path = "3Dify-Bridging-Header.h"; sourceTree = "<group>"; };
		BECDE3DE2434842B00939DBA /* ParallaxOcclusion.metal */ = {isa = PBXFileReference; lastKnownFileType = sourcecode.metal; path = ParallaxOcclusion.metal; sourceTree = "<group>"; };
		BECDE3E12434879600939DBA /* ParallaxOcclusionPassEncoder.m */ = {isa = PBXFileReference; lastKnownFileType = sourcecode.c.objc; path = ParallaxOcclusionPassEncoder.m; sourceTree = "<group>"; };
		BECDE3E3243487CE00939DBA /* ParallaxOcclusionPassEncoder.h */ = {isa = PBXFileReference; lastKnownFileType = sourcecode.c.h; path = ParallaxOcclusionPassEncoder.h; sourceTree = "<group>"; };
		BED5F75E24310A2F001A2667 /* LoadingView.swift */ = {isa = PBXFileReference; lastKnownFileType = sourcecode.swift; path = LoadingView.swift; sourceTree = "<group>"; };
		BEE92E1E243F358E00B3A23F /* FCRN.mlmodel */ = {isa = PBXFileReference; lastKnownFileType = file.mlmodel; path = FCRN.mlmodel; sourceTree = "<group>"; };
		BEEA81AF242C9AA10074BBAE /* OptimizedPydnet.mlmodel */ = {isa = PBXFileReference; lastKnownFileType = file.mlmodel; path = OptimizedPydnet.mlmodel; sourceTree = "<group>"; };
		BEFABCC2243B79D6007F89B2 /* StoreKit.framework */ = {isa = PBXFileReference; lastKnownFileType = wrapper.framework; name = StoreKit.framework; path = System/Library/Frameworks/StoreKit.framework; sourceTree = SDKROOT; };
		BEFABCC5243B7A6E007F89B2 /* InAppPurchaseView.swift */ = {isa = PBXFileReference; lastKnownFileType = sourcecode.swift; path = InAppPurchaseView.swift; sourceTree = "<group>"; };
		BEFD9CF024407B9B00880A8A /* CustomPhotoAlbum.swift */ = {isa = PBXFileReference; lastKnownFileType = sourcecode.swift; path = CustomPhotoAlbum.swift; sourceTree = "<group>"; };
		BEFD9CF82440AA8200880A8A /* MLMultiArray+Image.swift */ = {isa = PBXFileReference; fileEncoding = 4; lastKnownFileType = sourcecode.swift; path = "MLMultiArray+Image.swift"; sourceTree = "<group>"; };
		BEFD9CF92440AA8200880A8A /* CGImage+RawBytes.swift */ = {isa = PBXFileReference; fileEncoding = 4; lastKnownFileType = sourcecode.swift; path = "CGImage+RawBytes.swift"; sourceTree = "<group>"; };
		BEFD9CFC2440CE1700880A8A /* BlurView.swift */ = {isa = PBXFileReference; lastKnownFileType = sourcecode.swift; path = BlurView.swift; sourceTree = "<group>"; };
		BEFDCA33242B5CBB002AF520 /* Colors.swift */ = {isa = PBXFileReference; lastKnownFileType = sourcecode.swift; path = Colors.swift; sourceTree = "<group>"; };
/* End PBXFileReference section */

/* Begin PBXFrameworksBuildPhase section */
		BE1C24F22426150900276024 /* Frameworks */ = {
			isa = PBXFrameworksBuildPhase;
			buildActionMask = 2147483647;
			files = (
				BEFABCC3243B79D6007F89B2 /* StoreKit.framework in Frameworks */,
				2CD9F38FA9AA0258E72447B6 /* Pods_3Dify.framework in Frameworks */,
			);
			runOnlyForDeploymentPostprocessing = 0;
		};
/* End PBXFrameworksBuildPhase section */

/* Begin PBXGroup section */
		8110F24E96F07FAFC57CA748 /* Pods */ = {
			isa = PBXGroup;
			children = (
				5035609665D29C54E09A49C4 /* Pods-3Dify.debug.xcconfig */,
				66433675B1DBDD5FA195B763 /* Pods-3Dify.release.xcconfig */,
			);
			name = Pods;
			sourceTree = "<group>";
		};
		BE124EC12435D9A60004A66E /* Blur */ = {
			isa = PBXGroup;
			children = (
				BE124EC52435DE6C0004A66E /* Blur.metal */,
				BE124EC22435D9D70004A66E /* BlurPassEncoder.m */,
				BE124EC42435DC7B0004A66E /* BlurPassEncoder.h */,
			);
			path = Blur;
			sourceTree = "<group>";
		};
		BE1C24EC2426150900276024 = {
			isa = PBXGroup;
			children = (
				BE14CA66243DE6C100D927CE /* image-banner.jpg */,
				BE1C24F72426150900276024 /* 3Dify */,
				BE1C24F62426150900276024 /* Products */,
				BEFABCC1243B79D6007F89B2 /* Frameworks */,
				8110F24E96F07FAFC57CA748 /* Pods */,
			);
			sourceTree = "<group>";
		};
		BE1C24F62426150900276024 /* Products */ = {
			isa = PBXGroup;
			children = (
				BE1C24F52426150900276024 /* 3Dify.app */,
			);
			name = Products;
			sourceTree = "<group>";
		};
		BE1C24F72426150900276024 /* 3Dify */ = {
			isa = PBXGroup;
			children = (
				BEFD9CEF24407B6E00880A8A /* Camera Roll Export */,
				BEFABCC4243B7A58007F89B2 /* In App Purchases */,
				BECDE3DC243480DE00939DBA /* 3Dify-Bridging-Header.h */,
				BEEA81A6242C93390074BBAE /* Depth Prediction */,
				BE31A122242AAC9B00019FE1 /* Supporting Extensions */,
				BE268880242B594C00F165C5 /* Supporting Views */,
				BE31A11C242A7F6000019FE1 /* Models */,
				BE31A11F242A815000019FE1 /* Picker */,
				BE31A11D242A7F7100019FE1 /* Camera */,
				BE31A11E242A7F7C00019FE1 /* Parallax */,
				BE1C24F82426150900276024 /* AppDelegate.swift */,
				BEFDCA33242B5CBB002AF520 /* Colors.swift */,
				BE1C24FC2426150900276024 /* HomeView.swift */,
				BE1C24FA2426150900276024 /* SceneDelegate.swift */,
				BE1C24FE2426150900276024 /* Assets.xcassets */,
				BE1C25032426150900276024 /* LaunchScreen.storyboard */,
				BE1C25062426150900276024 /* Info.plist */,
				BE1C25002426150900276024 /* Preview Content */,
			);
			path = 3Dify;
			sourceTree = "<group>";
		};
		BE1C25002426150900276024 /* Preview Content */ = {
			isa = PBXGroup;
			children = (
				BE1C25012426150900276024 /* Preview Assets.xcassets */,
			);
			path = "Preview Content";
			sourceTree = "<group>";
		};
		BE268880242B594C00F165C5 /* Supporting Views */ = {
			isa = PBXGroup;
			children = (
				BED5F75E24310A2F001A2667 /* LoadingView.swift */,
				BE87EA19243C552300BF1B02 /* ButtonStyles.swift */,
				BEFD9CFC2440CE1700880A8A /* BlurView.swift */,
			);
			path = "Supporting Views";
			sourceTree = "<group>";
		};
		BE26889E242B5B1100F165C5 /* Computer Vision */ = {
			isa = PBXGroup;
			children = (
				BE2688A1242B5B1100F165C5 /* AVDepthData+Utils.swift */,
				BE2688A4242B5B1200F165C5 /* CGImageSource+Utils.swift */,
				BE26889F242B5B1100F165C5 /* CVPixelBuffer+Utils.swift */,
				BE2688A2242B5B1100F165C5 /* UIImage+Utils.swift */,
				BE26887C242B581600F165C5 /* PHAsset+Utils.swift */,
			);
			path = "Computer Vision";
			sourceTree = "<group>";
		};
		BE31A11C242A7F6000019FE1 /* Models */ = {
			isa = PBXGroup;
			children = (
				BE31A11A242A7C7300019FE1 /* DepthImage.swift */,
				BE09D4ED243C89B900CFCF4D /* DepthImageConvertible.swift */,
			);
			path = Models;
			sourceTree = "<group>";
		};
		BE31A11D242A7F7100019FE1 /* Camera */ = {
			isa = PBXGroup;
			children = (
				BEBF333F242F9907008EEDAD /* CameraView.swift */,
				BEBF3341242F9B09008EEDAD /* CameraPreviewView.swift */,
			);
			path = Camera;
			sourceTree = "<group>";
		};
		BE31A11E242A7F7C00019FE1 /* Parallax */ = {
			isa = PBXGroup;
			children = (
				BECDE3B12434805B00939DBA /* Encoders */,
				BE8535252430F15600557392 /* ControlView.swift */,
				BECDE37E24338E0C00939DBA /* MetalParallaxView.swift */,
			);
			path = Parallax;
			sourceTree = "<group>";
		};
		BE31A11F242A815000019FE1 /* Picker */ = {
			isa = PBXGroup;
			children = (
				BEBF333D242F9342008EEDAD /* ImagePickerView.swift */,
			);
			path = Picker;
			sourceTree = "<group>";
		};
		BE31A122242AAC9B00019FE1 /* Supporting Extensions */ = {
			isa = PBXGroup;
			children = (
				BEFD9CF72440AA7900880A8A /* Core ML */,
				BE26889E242B5B1100F165C5 /* Computer Vision */,
			);
			path = "Supporting Extensions";
			sourceTree = "<group>";
		};
		BECDE3B12434805B00939DBA /* Encoders */ = {
			isa = PBXGroup;
			children = (
				BECDE3B62434805B00939DBA /* ProjectTexture.metal */,
				BECDE3CE2434805B00939DBA /* TextureMappingVertex.h */,
				BECDE3DD2434841800939DBA /* ParallaxOcclusion */,
				BE124EC12435D9A60004A66E /* Blur */,
			);
			path = Encoders;
			sourceTree = "<group>";
		};
		BECDE3DD2434841800939DBA /* ParallaxOcclusion */ = {
			isa = PBXGroup;
			children = (
				BECDE3DE2434842B00939DBA /* ParallaxOcclusion.metal */,
				BECDE3E12434879600939DBA /* ParallaxOcclusionPassEncoder.m */,
				BECDE3E3243487CE00939DBA /* ParallaxOcclusionPassEncoder.h */,
			);
			path = ParallaxOcclusion;
			sourceTree = "<group>";
		};
		BEEA81A6242C93390074BBAE /* Depth Prediction */ = {
			isa = PBXGroup;
			children = (
				BEE92E1E243F358E00B3A23F /* FCRN.mlmodel */,
				BEEA81AF242C9AA10074BBAE /* OptimizedPydnet.mlmodel */,
			);
			path = "Depth Prediction";
			sourceTree = "<group>";
		};
		BEFABCC1243B79D6007F89B2 /* Frameworks */ = {
			isa = PBXGroup;
			children = (
				BEFABCC2243B79D6007F89B2 /* StoreKit.framework */,
				0B6282E6A907A1F89B32F01D /* Pods_3Dify.framework */,
			);
			name = Frameworks;
			sourceTree = "<group>";
		};
		BEFABCC4243B7A58007F89B2 /* In App Purchases */ = {
			isa = PBXGroup;
			children = (
				BEFABCC5243B7A6E007F89B2 /* InAppPurchaseView.swift */,
			);
			path = "In App Purchases";
			sourceTree = "<group>";
		};
		BEFD9CEF24407B6E00880A8A /* Camera Roll Export */ = {
			isa = PBXGroup;
			children = (
				BE8B3FDA242FE86E0075F6EA /* CameraRollVideo.swift */,
				BEFD9CF024407B9B00880A8A /* CustomPhotoAlbum.swift */,
			);
			path = "Camera Roll Export";
			sourceTree = "<group>";
		};
		BEFD9CF72440AA7900880A8A /* Core ML */ = {
			isa = PBXGroup;
			children = (
				BEFD9CF92440AA8200880A8A /* CGImage+RawBytes.swift */,
				BEFD9CF82440AA8200880A8A /* MLMultiArray+Image.swift */,
			);
			path = "Core ML";
			sourceTree = "<group>";
		};
/* End PBXGroup section */

/* Begin PBXNativeTarget section */
		BE1C24F42426150900276024 /* 3Dify */ = {
			isa = PBXNativeTarget;
			buildConfigurationList = BE1C25092426150900276024 /* Build configuration list for PBXNativeTarget "3Dify" */;
			buildPhases = (
				723B65BC80C6EE64D7E8C660 /* [CP] Check Pods Manifest.lock */,
				BE1C24F12426150900276024 /* Sources */,
				BE1C24F22426150900276024 /* Frameworks */,
				BE1C24F32426150900276024 /* Resources */,
				BED5F7602431E433001A2667 /* ShellScript */,
				238106E1CB6E47EDE2C36227 /* [CP] Embed Pods Frameworks */,
			);
			buildRules = (
			);
			dependencies = (
			);
			name = 3Dify;
			productName = 3Dify;
			productReference = BE1C24F52426150900276024 /* 3Dify.app */;
			productType = "com.apple.product-type.application";
		};
/* End PBXNativeTarget section */

/* Begin PBXProject section */
		BE1C24ED2426150900276024 /* Project object */ = {
			isa = PBXProject;
			attributes = {
				LastSwiftUpdateCheck = 1130;
				LastUpgradeCheck = 1130;
				ORGANIZATIONNAME = "Philipp Matthes";
				TargetAttributes = {
					BE1C24F42426150900276024 = {
						CreatedOnToolsVersion = 11.3.1;
					};
				};
			};
			buildConfigurationList = BE1C24F02426150900276024 /* Build configuration list for PBXProject "3Dify" */;
			compatibilityVersion = "Xcode 9.3";
			developmentRegion = en;
			hasScannedForEncodings = 0;
			knownRegions = (
				en,
				Base,
			);
			mainGroup = BE1C24EC2426150900276024;
			productRefGroup = BE1C24F62426150900276024 /* Products */;
			projectDirPath = "";
			projectRoot = "";
			targets = (
				BE1C24F42426150900276024 /* 3Dify */,
			);
		};
/* End PBXProject section */

/* Begin PBXResourcesBuildPhase section */
		BE1C24F32426150900276024 /* Resources */ = {
			isa = PBXResourcesBuildPhase;
			buildActionMask = 2147483647;
			files = (
				BE14CA67243DE6C100D927CE /* image-banner.jpg in Resources */,
				BE1C25052426150900276024 /* LaunchScreen.storyboard in Resources */,
				BE1C25022426150900276024 /* Preview Assets.xcassets in Resources */,
				BE1C24FF2426150900276024 /* Assets.xcassets in Resources */,
			);
			runOnlyForDeploymentPostprocessing = 0;
		};
/* End PBXResourcesBuildPhase section */

/* Begin PBXShellScriptBuildPhase section */
		238106E1CB6E47EDE2C36227 /* [CP] Embed Pods Frameworks */ = {
			isa = PBXShellScriptBuildPhase;
			buildActionMask = 2147483647;
			files = (
			);
			inputPaths = (
				"${SRCROOT}/Pods/Target Support Files/Pods-3Dify/Pods-3Dify-frameworks.sh",
				"${BUILT_PRODUCTS_DIR}/SwiftRater/SwiftRater.framework",
			);
			name = "[CP] Embed Pods Frameworks";
			outputPaths = (
				"${TARGET_BUILD_DIR}/${FRAMEWORKS_FOLDER_PATH}/SwiftRater.framework",
			);
			runOnlyForDeploymentPostprocessing = 0;
			shellPath = /bin/sh;
			shellScript = "\"${SRCROOT}/Pods/Target Support Files/Pods-3Dify/Pods-3Dify-frameworks.sh\"\n";
			showEnvVarsInLog = 0;
		};
		723B65BC80C6EE64D7E8C660 /* [CP] Check Pods Manifest.lock */ = {
			isa = PBXShellScriptBuildPhase;
			buildActionMask = 2147483647;
			files = (
			);
			inputPaths = (
				"${PODS_PODFILE_DIR_PATH}/Podfile.lock",
				"${PODS_ROOT}/Manifest.lock",
			);
			name = "[CP] Check Pods Manifest.lock";
			outputPaths = (
				"$(DERIVED_FILE_DIR)/Pods-3Dify-checkManifestLockResult.txt",
			);
			runOnlyForDeploymentPostprocessing = 0;
			shellPath = /bin/sh;
			shellScript = "diff \"${PODS_PODFILE_DIR_PATH}/Podfile.lock\" \"${PODS_ROOT}/Manifest.lock\" > /dev/null\nif [ $? != 0 ] ; then\n    # print error to STDERR\n    echo \"error: The sandbox is not in sync with the Podfile.lock. Run 'pod install' or update your CocoaPods installation.\" >&2\n    exit 1\nfi\n# This output is used by Xcode 'outputs' to avoid re-running this script phase.\necho \"SUCCESS\" > \"${SCRIPT_OUTPUT_FILE_0}\"\n";
			showEnvVarsInLog = 0;
		};
		BED5F7602431E433001A2667 /* ShellScript */ = {
			isa = PBXShellScriptBuildPhase;
			buildActionMask = 2147483647;
			files = (
			);
			inputPaths = (
			);
			outputPaths = (
			);
			runOnlyForDeploymentPostprocessing = 0;
			shellPath = "./unused.rb xcode";
			shellScript = "# Type a script or drag a script file from your workspace to insert its path.\n";
		};
/* End PBXShellScriptBuildPhase section */

/* Begin PBXSourcesBuildPhase section */
		BE1C24F12426150900276024 /* Sources */ = {
			isa = PBXSourcesBuildPhase;
			buildActionMask = 2147483647;
			files = (
				BE8B3FDB242FE86E0075F6EA /* CameraRollVideo.swift in Sources */,
				BEE92E1F243F358E00B3A23F /* FCRN.mlmodel in Sources */,
				BECDE37F24338E0C00939DBA /* MetalParallaxView.swift in Sources */,
				BE1C24F92426150900276024 /* AppDelegate.swift in Sources */,
				BE09D4EE243C89B900CFCF4D /* DepthImageConvertible.swift in Sources */,
				BEBF333E242F9342008EEDAD /* ImagePickerView.swift in Sources */,
				BE2688B1242B5B8700F165C5 /* PHAsset+Utils.swift in Sources */,
				BE87EA1A243C552300BF1B02 /* ButtonStyles.swift in Sources */,
				BECDE3D12434805B00939DBA /* ProjectTexture.metal in Sources */,
				BEFD9CF124407B9B00880A8A /* CustomPhotoAlbum.swift in Sources */,
				BEEA81B0242C9AA10074BBAE /* OptimizedPydnet.mlmodel in Sources */,
				BE2688B0242B5B8700F165C5 /* UIImage+Utils.swift in Sources */,
				BEBF3340242F9907008EEDAD /* CameraView.swift in Sources */,
				BEFABCC6243B7A6E007F89B2 /* InAppPurchaseView.swift in Sources */,
				BEFDCA34242B5CBB002AF520 /* Colors.swift in Sources */,
				BE2688AE242B5B8700F165C5 /* CVPixelBuffer+Utils.swift in Sources */,
				BEFD9CFD2440CE1700880A8A /* BlurView.swift in Sources */,
				BE8535262430F15600557392 /* ControlView.swift in Sources */,
				BECDE3E72434AB7300939DBA /* ParallaxOcclusion.metal in Sources */,
				BEFD9CFB2440AA8200880A8A /* CGImage+RawBytes.swift in Sources */,
				BE2688AC242B5B8700F165C5 /* CGImageSource+Utils.swift in Sources */,
				BE1C24FB2426150900276024 /* SceneDelegate.swift in Sources */,
				BEFD9CFA2440AA8200880A8A /* MLMultiArray+Image.swift in Sources */,
				BE124EC32435D9D70004A66E /* BlurPassEncoder.m in Sources */,
				BEBF3342242F9B09008EEDAD /* CameraPreviewView.swift in Sources */,
				BE124EC62435DE6C0004A66E /* Blur.metal in Sources */,
				BE31A11B242A7C7300019FE1 /* DepthImage.swift in Sources */,
				BE2688AB242B5B8700F165C5 /* AVDepthData+Utils.swift in Sources */,
				BED5F75F24310A2F001A2667 /* LoadingView.swift in Sources */,
				BE1C24FD2426150900276024 /* HomeView.swift in Sources */,
				BECDE3E424348EFF00939DBA /* ParallaxOcclusionPassEncoder.m in Sources */,
			);
			runOnlyForDeploymentPostprocessing = 0;
		};
/* End PBXSourcesBuildPhase section */

/* Begin PBXVariantGroup section */
		BE1C25032426150900276024 /* LaunchScreen.storyboard */ = {
			isa = PBXVariantGroup;
			children = (
				BE1C25042426150900276024 /* Base */,
			);
			name = LaunchScreen.storyboard;
			sourceTree = "<group>";
		};
/* End PBXVariantGroup section */

/* Begin XCBuildConfiguration section */
		BE1C25072426150900276024 /* Debug */ = {
			isa = XCBuildConfiguration;
			buildSettings = {
				ALWAYS_SEARCH_USER_PATHS = NO;
				CLANG_ANALYZER_NONNULL = YES;
				CLANG_ANALYZER_NUMBER_OBJECT_CONVERSION = YES_AGGRESSIVE;
				CLANG_CXX_LANGUAGE_STANDARD = "gnu++14";
				CLANG_CXX_LIBRARY = "libc++";
				CLANG_ENABLE_MODULES = YES;
				CLANG_ENABLE_OBJC_ARC = YES;
				CLANG_ENABLE_OBJC_WEAK = YES;
				CLANG_WARN_BLOCK_CAPTURE_AUTORELEASING = YES;
				CLANG_WARN_BOOL_CONVERSION = YES;
				CLANG_WARN_COMMA = YES;
				CLANG_WARN_CONSTANT_CONVERSION = YES;
				CLANG_WARN_DEPRECATED_OBJC_IMPLEMENTATIONS = YES;
				CLANG_WARN_DIRECT_OBJC_ISA_USAGE = YES_ERROR;
				CLANG_WARN_DOCUMENTATION_COMMENTS = YES;
				CLANG_WARN_EMPTY_BODY = YES;
				CLANG_WARN_ENUM_CONVERSION = YES;
				CLANG_WARN_INFINITE_RECURSION = YES;
				CLANG_WARN_INT_CONVERSION = YES;
				CLANG_WARN_NON_LITERAL_NULL_CONVERSION = YES;
				CLANG_WARN_OBJC_IMPLICIT_RETAIN_SELF = YES;
				CLANG_WARN_OBJC_LITERAL_CONVERSION = YES;
				CLANG_WARN_OBJC_ROOT_CLASS = YES_ERROR;
				CLANG_WARN_RANGE_LOOP_ANALYSIS = YES;
				CLANG_WARN_STRICT_PROTOTYPES = YES;
				CLANG_WARN_SUSPICIOUS_MOVE = YES;
				CLANG_WARN_UNGUARDED_AVAILABILITY = YES_AGGRESSIVE;
				CLANG_WARN_UNREACHABLE_CODE = YES;
				CLANG_WARN__DUPLICATE_METHOD_MATCH = YES;
				COPY_PHASE_STRIP = NO;
				DEBUG_INFORMATION_FORMAT = dwarf;
				ENABLE_STRICT_OBJC_MSGSEND = YES;
				ENABLE_TESTABILITY = YES;
				GCC_C_LANGUAGE_STANDARD = gnu11;
				GCC_DYNAMIC_NO_PIC = NO;
				GCC_NO_COMMON_BLOCKS = YES;
				GCC_OPTIMIZATION_LEVEL = 0;
				GCC_PREPROCESSOR_DEFINITIONS = (
					"DEBUG=1",
					"$(inherited)",
				);
				GCC_WARN_64_TO_32_BIT_CONVERSION = YES;
				GCC_WARN_ABOUT_RETURN_TYPE = YES_ERROR;
				GCC_WARN_UNDECLARED_SELECTOR = YES;
				GCC_WARN_UNINITIALIZED_AUTOS = YES_AGGRESSIVE;
				GCC_WARN_UNUSED_FUNCTION = YES;
				GCC_WARN_UNUSED_LABEL = YES;
				GCC_WARN_UNUSED_PARAMETER = YES;
				GCC_WARN_UNUSED_VARIABLE = YES;
				IPHONEOS_DEPLOYMENT_TARGET = 13.4;
				MTL_ENABLE_DEBUG_INFO = INCLUDE_SOURCE;
				MTL_FAST_MATH = YES;
				ONLY_ACTIVE_ARCH = YES;
				SDKROOT = iphoneos;
				SWIFT_ACTIVE_COMPILATION_CONDITIONS = DEBUG;
				SWIFT_OPTIMIZATION_LEVEL = "-Onone";
			};
			name = Debug;
		};
		BE1C25082426150900276024 /* Release */ = {
			isa = XCBuildConfiguration;
			buildSettings = {
				ALWAYS_SEARCH_USER_PATHS = NO;
				CLANG_ANALYZER_NONNULL = YES;
				CLANG_ANALYZER_NUMBER_OBJECT_CONVERSION = YES_AGGRESSIVE;
				CLANG_CXX_LANGUAGE_STANDARD = "gnu++14";
				CLANG_CXX_LIBRARY = "libc++";
				CLANG_ENABLE_MODULES = YES;
				CLANG_ENABLE_OBJC_ARC = YES;
				CLANG_ENABLE_OBJC_WEAK = YES;
				CLANG_WARN_BLOCK_CAPTURE_AUTORELEASING = YES;
				CLANG_WARN_BOOL_CONVERSION = YES;
				CLANG_WARN_COMMA = YES;
				CLANG_WARN_CONSTANT_CONVERSION = YES;
				CLANG_WARN_DEPRECATED_OBJC_IMPLEMENTATIONS = YES;
				CLANG_WARN_DIRECT_OBJC_ISA_USAGE = YES_ERROR;
				CLANG_WARN_DOCUMENTATION_COMMENTS = YES;
				CLANG_WARN_EMPTY_BODY = YES;
				CLANG_WARN_ENUM_CONVERSION = YES;
				CLANG_WARN_INFINITE_RECURSION = YES;
				CLANG_WARN_INT_CONVERSION = YES;
				CLANG_WARN_NON_LITERAL_NULL_CONVERSION = YES;
				CLANG_WARN_OBJC_IMPLICIT_RETAIN_SELF = YES;
				CLANG_WARN_OBJC_LITERAL_CONVERSION = YES;
				CLANG_WARN_OBJC_ROOT_CLASS = YES_ERROR;
				CLANG_WARN_RANGE_LOOP_ANALYSIS = YES;
				CLANG_WARN_STRICT_PROTOTYPES = YES;
				CLANG_WARN_SUSPICIOUS_MOVE = YES;
				CLANG_WARN_UNGUARDED_AVAILABILITY = YES_AGGRESSIVE;
				CLANG_WARN_UNREACHABLE_CODE = YES;
				CLANG_WARN__DUPLICATE_METHOD_MATCH = YES;
				COPY_PHASE_STRIP = NO;
				DEBUG_INFORMATION_FORMAT = "dwarf-with-dsym";
				ENABLE_NS_ASSERTIONS = NO;
				ENABLE_STRICT_OBJC_MSGSEND = YES;
				GCC_C_LANGUAGE_STANDARD = gnu11;
				GCC_NO_COMMON_BLOCKS = YES;
				GCC_WARN_64_TO_32_BIT_CONVERSION = YES;
				GCC_WARN_ABOUT_RETURN_TYPE = YES_ERROR;
				GCC_WARN_UNDECLARED_SELECTOR = YES;
				GCC_WARN_UNINITIALIZED_AUTOS = YES_AGGRESSIVE;
				GCC_WARN_UNUSED_FUNCTION = YES;
				GCC_WARN_UNUSED_LABEL = YES;
				GCC_WARN_UNUSED_PARAMETER = YES;
				GCC_WARN_UNUSED_VARIABLE = YES;
				IPHONEOS_DEPLOYMENT_TARGET = 13.4;
				MTL_ENABLE_DEBUG_INFO = NO;
				MTL_FAST_MATH = YES;
				SDKROOT = iphoneos;
				SWIFT_COMPILATION_MODE = wholemodule;
				SWIFT_OPTIMIZATION_LEVEL = "-O";
				VALIDATE_PRODUCT = YES;
			};
			name = Release;
		};
		BE1C250A2426150900276024 /* Debug */ = {
			isa = XCBuildConfiguration;
			baseConfigurationReference = 5035609665D29C54E09A49C4 /* Pods-3Dify.debug.xcconfig */;
			buildSettings = {
				ASSETCATALOG_COMPILER_APPICON_NAME = AppIcon;
				CODE_SIGN_STYLE = Automatic;
				DEVELOPMENT_ASSET_PATHS = "\"3Dify/Preview Content\"";
				DEVELOPMENT_TEAM = S36925NV4E;
				ENABLE_PREVIEWS = YES;
				INFOPLIST_FILE = 3Dify/Info.plist;
				IPHONEOS_DEPLOYMENT_TARGET = 13.0;
				LD_RUNPATH_SEARCH_PATHS = (
					"$(inherited)",
					"@executable_path/Frameworks",
				);
				PRODUCT_BUNDLE_IDENTIFIER = com.philippmatthes.3Dify;
				PRODUCT_NAME = "$(TARGET_NAME)";
				SWIFT_OBJC_BRIDGING_HEADER = "3Dify/3Dify-Bridging-Header.h";
				SWIFT_VERSION = 5.0;
				TARGETED_DEVICE_FAMILY = "1,2";
			};
			name = Debug;
		};
		BE1C250B2426150900276024 /* Release */ = {
			isa = XCBuildConfiguration;
			baseConfigurationReference = 66433675B1DBDD5FA195B763 /* Pods-3Dify.release.xcconfig */;
			buildSettings = {
				ASSETCATALOG_COMPILER_APPICON_NAME = AppIcon;
				CODE_SIGN_STYLE = Automatic;
				DEVELOPMENT_ASSET_PATHS = "\"3Dify/Preview Content\"";
				DEVELOPMENT_TEAM = S36925NV4E;
				ENABLE_PREVIEWS = YES;
				INFOPLIST_FILE = 3Dify/Info.plist;
				IPHONEOS_DEPLOYMENT_TARGET = 13.0;
				LD_RUNPATH_SEARCH_PATHS = (
					"$(inherited)",
					"@executable_path/Frameworks",
				);
				PRODUCT_BUNDLE_IDENTIFIER = com.philippmatthes.3Dify;
				PRODUCT_NAME = "$(TARGET_NAME)";
				SWIFT_OBJC_BRIDGING_HEADER = "3Dify/3Dify-Bridging-Header.h";
				SWIFT_VERSION = 5.0;
				TARGETED_DEVICE_FAMILY = "1,2";
			};
			name = Release;
		};
/* End XCBuildConfiguration section */

/* Begin XCConfigurationList section */
		BE1C24F02426150900276024 /* Build configuration list for PBXProject "3Dify" */ = {
			isa = XCConfigurationList;
			buildConfigurations = (
				BE1C25072426150900276024 /* Debug */,
				BE1C25082426150900276024 /* Release */,
			);
			defaultConfigurationIsVisible = 0;
			defaultConfigurationName = Release;
		};
		BE1C25092426150900276024 /* Build configuration list for PBXNativeTarget "3Dify" */ = {
			isa = XCConfigurationList;
			buildConfigurations = (
				BE1C250A2426150900276024 /* Debug */,
				BE1C250B2426150900276024 /* Release */,
			);
			defaultConfigurationIsVisible = 0;
			defaultConfigurationName = Release;
		};
/* End XCConfigurationList section */
	};
	rootObject = BE1C24ED2426150900276024 /* Project object */;
}
