// !$*UTF8*$!
{
	archiveVersion = 1;
	classes = {
	};
	objectVersion = 50;
	objects = {

/* Begin PBXBuildFile section */
		BE1C24F92426150900276024 /* AppDelegate.swift in Sources */ = {isa = PBXBuildFile; fileRef = BE1C24F82426150900276024 /* AppDelegate.swift */; };
		BE1C24FB2426150900276024 /* SceneDelegate.swift in Sources */ = {isa = PBXBuildFile; fileRef = BE1C24FA2426150900276024 /* SceneDelegate.swift */; };
		BE1C24FD2426150900276024 /* ContentView.swift in Sources */ = {isa = PBXBuildFile; fileRef = BE1C24FC2426150900276024 /* ContentView.swift */; };
		BE1C24FF2426150900276024 /* Assets.xcassets in Resources */ = {isa = PBXBuildFile; fileRef = BE1C24FE2426150900276024 /* Assets.xcassets */; };
		BE1C25022426150900276024 /* Preview Assets.xcassets in Resources */ = {isa = PBXBuildFile; fileRef = BE1C25012426150900276024 /* Preview Assets.xcassets */; };
		BE1C25052426150900276024 /* LaunchScreen.storyboard in Resources */ = {isa = PBXBuildFile; fileRef = BE1C25032426150900276024 /* LaunchScreen.storyboard */; };
		BE1C250D242615A200276024 /* CameraCoordinator.swift in Sources */ = {isa = PBXBuildFile; fileRef = BE1C250C242615A200276024 /* CameraCoordinator.swift */; };
		BE1C250F2426193E00276024 /* CameraViewController.swift in Sources */ = {isa = PBXBuildFile; fileRef = BE1C250E2426193E00276024 /* CameraViewController.swift */; };
		BE1C251524264A8700276024 /* ImageParallaxViewController.swift in Sources */ = {isa = PBXBuildFile; fileRef = BE1C251424264A8700276024 /* ImageParallaxViewController.swift */; };
		BE26887B242B57CC00F165C5 /* TabBar.swift in Sources */ = {isa = PBXBuildFile; fileRef = BE26887A242B57CC00F165C5 /* TabBar.swift */; };
		BE26887F242B583E00F165C5 /* ImageCell.swift in Sources */ = {isa = PBXBuildFile; fileRef = BE26887E242B583E00F165C5 /* ImageCell.swift */; };
		BE268887242B5AD000F165C5 /* CardView.swift in Sources */ = {isa = PBXBuildFile; fileRef = BE268886242B5AD000F165C5 /* CardView.swift */; };
		BE268895242B5AF000F165C5 /* Path+Length.swift in Sources */ = {isa = PBXBuildFile; fileRef = BE26888A242B5AF000F165C5 /* Path+Length.swift */; };
		BE268896242B5AF000F165C5 /* Array+VectorArithmetic.swift in Sources */ = {isa = PBXBuildFile; fileRef = BE26888B242B5AF000F165C5 /* Array+VectorArithmetic.swift */; };
		BE268897242B5AF000F165C5 /* InterpolatedShape.swift in Sources */ = {isa = PBXBuildFile; fileRef = BE26888C242B5AF000F165C5 /* InterpolatedShape.swift */; };
		BE268898242B5AF000F165C5 /* AnimatableDataSimilarShape.swift in Sources */ = {isa = PBXBuildFile; fileRef = BE26888D242B5AF000F165C5 /* AnimatableDataSimilarShape.swift */; };
		BE268899242B5AF000F165C5 /* Path+VectorArithmetic.swift in Sources */ = {isa = PBXBuildFile; fileRef = BE26888E242B5AF000F165C5 /* Path+VectorArithmetic.swift */; };
		BE26889A242B5AF000F165C5 /* SimilarShape.swift in Sources */ = {isa = PBXBuildFile; fileRef = BE26888F242B5AF000F165C5 /* SimilarShape.swift */; };
		BE2688AB242B5B8700F165C5 /* AVDepthData+Utils.swift in Sources */ = {isa = PBXBuildFile; fileRef = BE2688A1242B5B1100F165C5 /* AVDepthData+Utils.swift */; };
		BE2688AC242B5B8700F165C5 /* CGImageSource+Utils.swift in Sources */ = {isa = PBXBuildFile; fileRef = BE2688A4242B5B1200F165C5 /* CGImageSource+Utils.swift */; };
		BE2688AD242B5B8700F165C5 /* CIImage+Utils.swift in Sources */ = {isa = PBXBuildFile; fileRef = BE2688A3242B5B1200F165C5 /* CIImage+Utils.swift */; };
		BE2688AE242B5B8700F165C5 /* CVPixelBuffer+Utils.swift in Sources */ = {isa = PBXBuildFile; fileRef = BE26889F242B5B1100F165C5 /* CVPixelBuffer+Utils.swift */; };
		BE2688AF242B5B8700F165C5 /* Photos+Utils.swift in Sources */ = {isa = PBXBuildFile; fileRef = BE2688A0242B5B1100F165C5 /* Photos+Utils.swift */; };
		BE2688B0242B5B8700F165C5 /* UIImage+Utils.swift in Sources */ = {isa = PBXBuildFile; fileRef = BE2688A2242B5B1100F165C5 /* UIImage+Utils.swift */; };
		BE2688B1242B5B8700F165C5 /* PHAsset+Utils.swift in Sources */ = {isa = PBXBuildFile; fileRef = BE26887C242B581600F165C5 /* PHAsset+Utils.swift */; };
		BE31A119242A383A00019FE1 /* ImageParallax.metal in Sources */ = {isa = PBXBuildFile; fileRef = BE31A118242A383A00019FE1 /* ImageParallax.metal */; };
		BE31A11B242A7C7300019FE1 /* DepthImage.swift in Sources */ = {isa = PBXBuildFile; fileRef = BE31A11A242A7C7300019FE1 /* DepthImage.swift */; };
		BE31A121242A81A100019FE1 /* ImagePickerViewController.swift in Sources */ = {isa = PBXBuildFile; fileRef = BE31A120242A81A100019FE1 /* ImagePickerViewController.swift */; };
		BE6D380C242E591A00DDF82D /* BlurView.swift in Sources */ = {isa = PBXBuildFile; fileRef = BE6D380B242E591A00DDF82D /* BlurView.swift */; };
		BEABE6E9242CD4860071C556 /* DepthToColorMap.metal in Sources */ = {isa = PBXBuildFile; fileRef = BEABE6E6242CD4830071C556 /* DepthToColorMap.metal */; };
		BEABE6EA242CD4860071C556 /* DepthToColorMapConverter.swift in Sources */ = {isa = PBXBuildFile; fileRef = BEABE6E7242CD4840071C556 /* DepthToColorMapConverter.swift */; };
		BEABE6EB242CD4860071C556 /* FilterRenderer.swift in Sources */ = {isa = PBXBuildFile; fileRef = BEABE6E8242CD4860071C556 /* FilterRenderer.swift */; };
		BEEA81B0242C9AA10074BBAE /* OptimizedPydnet.mlmodel in Sources */ = {isa = PBXBuildFile; fileRef = BEEA81AF242C9AA10074BBAE /* OptimizedPydnet.mlmodel */; };
		BEFDCA34242B5CBB002AF520 /* Gradients.swift in Sources */ = {isa = PBXBuildFile; fileRef = BEFDCA33242B5CBB002AF520 /* Gradients.swift */; };
		BEFDCA36242B9907002AF520 /* SlideOverCard.swift in Sources */ = {isa = PBXBuildFile; fileRef = BEFDCA35242B9907002AF520 /* SlideOverCard.swift */; };
		BEFDCA38242B9916002AF520 /* Handle.swift in Sources */ = {isa = PBXBuildFile; fileRef = BEFDCA37242B9916002AF520 /* Handle.swift */; };
/* End PBXBuildFile section */

/* Begin PBXFileReference section */
		BE1C24F52426150900276024 /* 3Dify.app */ = {isa = PBXFileReference; explicitFileType = wrapper.application; includeInIndex = 0; path = 3Dify.app; sourceTree = BUILT_PRODUCTS_DIR; };
		BE1C24F82426150900276024 /* AppDelegate.swift */ = {isa = PBXFileReference; lastKnownFileType = sourcecode.swift; path = AppDelegate.swift; sourceTree = "<group>"; };
		BE1C24FA2426150900276024 /* SceneDelegate.swift */ = {isa = PBXFileReference; lastKnownFileType = sourcecode.swift; path = SceneDelegate.swift; sourceTree = "<group>"; };
		BE1C24FC2426150900276024 /* ContentView.swift */ = {isa = PBXFileReference; lastKnownFileType = sourcecode.swift; path = ContentView.swift; sourceTree = "<group>"; };
		BE1C24FE2426150900276024 /* Assets.xcassets */ = {isa = PBXFileReference; lastKnownFileType = folder.assetcatalog; path = Assets.xcassets; sourceTree = "<group>"; };
		BE1C25012426150900276024 /* Preview Assets.xcassets */ = {isa = PBXFileReference; lastKnownFileType = folder.assetcatalog; path = "Preview Assets.xcassets"; sourceTree = "<group>"; };
		BE1C25042426150900276024 /* Base */ = {isa = PBXFileReference; lastKnownFileType = file.storyboard; name = Base; path = Base.lproj/LaunchScreen.storyboard; sourceTree = "<group>"; };
		BE1C25062426150900276024 /* Info.plist */ = {isa = PBXFileReference; lastKnownFileType = text.plist.xml; path = Info.plist; sourceTree = "<group>"; };
		BE1C250C242615A200276024 /* CameraCoordinator.swift */ = {isa = PBXFileReference; lastKnownFileType = sourcecode.swift; path = CameraCoordinator.swift; sourceTree = "<group>"; };
		BE1C250E2426193E00276024 /* CameraViewController.swift */ = {isa = PBXFileReference; lastKnownFileType = sourcecode.swift; path = CameraViewController.swift; sourceTree = "<group>"; };
		BE1C251424264A8700276024 /* ImageParallaxViewController.swift */ = {isa = PBXFileReference; lastKnownFileType = sourcecode.swift; path = ImageParallaxViewController.swift; sourceTree = "<group>"; };
		BE26887A242B57CC00F165C5 /* TabBar.swift */ = {isa = PBXFileReference; lastKnownFileType = sourcecode.swift; path = TabBar.swift; sourceTree = "<group>"; };
		BE26887C242B581600F165C5 /* PHAsset+Utils.swift */ = {isa = PBXFileReference; lastKnownFileType = sourcecode.swift; path = "PHAsset+Utils.swift"; sourceTree = "<group>"; };
		BE26887E242B583E00F165C5 /* ImageCell.swift */ = {isa = PBXFileReference; lastKnownFileType = sourcecode.swift; path = ImageCell.swift; sourceTree = "<group>"; };
		BE268886242B5AD000F165C5 /* CardView.swift */ = {isa = PBXFileReference; fileEncoding = 4; lastKnownFileType = sourcecode.swift; path = CardView.swift; sourceTree = "<group>"; };
		BE26888A242B5AF000F165C5 /* Path+Length.swift */ = {isa = PBXFileReference; fileEncoding = 4; lastKnownFileType = sourcecode.swift; path = "Path+Length.swift"; sourceTree = "<group>"; };
		BE26888B242B5AF000F165C5 /* Array+VectorArithmetic.swift */ = {isa = PBXFileReference; fileEncoding = 4; lastKnownFileType = sourcecode.swift; path = "Array+VectorArithmetic.swift"; sourceTree = "<group>"; };
		BE26888C242B5AF000F165C5 /* InterpolatedShape.swift */ = {isa = PBXFileReference; fileEncoding = 4; lastKnownFileType = sourcecode.swift; path = InterpolatedShape.swift; sourceTree = "<group>"; };
		BE26888D242B5AF000F165C5 /* AnimatableDataSimilarShape.swift */ = {isa = PBXFileReference; fileEncoding = 4; lastKnownFileType = sourcecode.swift; path = AnimatableDataSimilarShape.swift; sourceTree = "<group>"; };
		BE26888E242B5AF000F165C5 /* Path+VectorArithmetic.swift */ = {isa = PBXFileReference; fileEncoding = 4; lastKnownFileType = sourcecode.swift; path = "Path+VectorArithmetic.swift"; sourceTree = "<group>"; };
		BE26888F242B5AF000F165C5 /* SimilarShape.swift */ = {isa = PBXFileReference; fileEncoding = 4; lastKnownFileType = sourcecode.swift; path = SimilarShape.swift; sourceTree = "<group>"; };
		BE26889F242B5B1100F165C5 /* CVPixelBuffer+Utils.swift */ = {isa = PBXFileReference; lastKnownFileType = sourcecode.swift; path = "CVPixelBuffer+Utils.swift"; sourceTree = "<group>"; };
		BE2688A0242B5B1100F165C5 /* Photos+Utils.swift */ = {isa = PBXFileReference; lastKnownFileType = sourcecode.swift; path = "Photos+Utils.swift"; sourceTree = "<group>"; };
		BE2688A1242B5B1100F165C5 /* AVDepthData+Utils.swift */ = {isa = PBXFileReference; lastKnownFileType = sourcecode.swift; path = "AVDepthData+Utils.swift"; sourceTree = "<group>"; };
		BE2688A2242B5B1100F165C5 /* UIImage+Utils.swift */ = {isa = PBXFileReference; lastKnownFileType = sourcecode.swift; path = "UIImage+Utils.swift"; sourceTree = "<group>"; };
		BE2688A3242B5B1200F165C5 /* CIImage+Utils.swift */ = {isa = PBXFileReference; lastKnownFileType = sourcecode.swift; path = "CIImage+Utils.swift"; sourceTree = "<group>"; };
		BE2688A4242B5B1200F165C5 /* CGImageSource+Utils.swift */ = {isa = PBXFileReference; lastKnownFileType = sourcecode.swift; path = "CGImageSource+Utils.swift"; sourceTree = "<group>"; };
		BE31A118242A383A00019FE1 /* ImageParallax.metal */ = {isa = PBXFileReference; lastKnownFileType = sourcecode.metal; path = ImageParallax.metal; sourceTree = "<group>"; };
		BE31A11A242A7C7300019FE1 /* DepthImage.swift */ = {isa = PBXFileReference; lastKnownFileType = sourcecode.swift; path = DepthImage.swift; sourceTree = "<group>"; };
		BE31A120242A81A100019FE1 /* ImagePickerViewController.swift */ = {isa = PBXFileReference; lastKnownFileType = sourcecode.swift; path = ImagePickerViewController.swift; sourceTree = "<group>"; };
		BE6D380B242E591A00DDF82D /* BlurView.swift */ = {isa = PBXFileReference; lastKnownFileType = sourcecode.swift; path = BlurView.swift; sourceTree = "<group>"; };
		BEABE6E6242CD4830071C556 /* DepthToColorMap.metal */ = {isa = PBXFileReference; fileEncoding = 4; lastKnownFileType = sourcecode.metal; path = DepthToColorMap.metal; sourceTree = "<group>"; };
		BEABE6E7242CD4840071C556 /* DepthToColorMapConverter.swift */ = {isa = PBXFileReference; fileEncoding = 4; lastKnownFileType = sourcecode.swift; path = DepthToColorMapConverter.swift; sourceTree = "<group>"; };
		BEABE6E8242CD4860071C556 /* FilterRenderer.swift */ = {isa = PBXFileReference; fileEncoding = 4; lastKnownFileType = sourcecode.swift; path = FilterRenderer.swift; sourceTree = "<group>"; };
		BEEA81AF242C9AA10074BBAE /* OptimizedPydnet.mlmodel */ = {isa = PBXFileReference; lastKnownFileType = file.mlmodel; path = OptimizedPydnet.mlmodel; sourceTree = "<group>"; };
		BEFDCA33242B5CBB002AF520 /* Gradients.swift */ = {isa = PBXFileReference; lastKnownFileType = sourcecode.swift; path = Gradients.swift; sourceTree = "<group>"; };
		BEFDCA35242B9907002AF520 /* SlideOverCard.swift */ = {isa = PBXFileReference; lastKnownFileType = sourcecode.swift; path = SlideOverCard.swift; sourceTree = "<group>"; };
		BEFDCA37242B9916002AF520 /* Handle.swift */ = {isa = PBXFileReference; lastKnownFileType = sourcecode.swift; path = Handle.swift; sourceTree = "<group>"; };
/* End PBXFileReference section */

/* Begin PBXFrameworksBuildPhase section */
		BE1C24F22426150900276024 /* Frameworks */ = {
			isa = PBXFrameworksBuildPhase;
			buildActionMask = 2147483647;
			files = (
			);
			runOnlyForDeploymentPostprocessing = 0;
		};
/* End PBXFrameworksBuildPhase section */

/* Begin PBXGroup section */
		BE1C24EC2426150900276024 = {
			isa = PBXGroup;
			children = (
				BE1C24F72426150900276024 /* 3Dify */,
				BE1C24F62426150900276024 /* Products */,
			);
			sourceTree = "<group>";
		};
		BE1C24F62426150900276024 /* Products */ = {
			isa = PBXGroup;
			children = (
				BE1C24F52426150900276024 /* 3Dify.app */,
			);
			name = Products;
			sourceTree = "<group>";
		};
		BE1C24F72426150900276024 /* 3Dify */ = {
			isa = PBXGroup;
			children = (
				BEEA81A6242C93390074BBAE /* Depth Prediction */,
				BE268888242B5AF000F165C5 /* Supporting Algorithms */,
				BE31A122242AAC9B00019FE1 /* Supporting Extensions */,
				BE268880242B594C00F165C5 /* Supporting Views */,
				BE31A11C242A7F6000019FE1 /* Models */,
				BE31A11F242A815000019FE1 /* Picker */,
				BE31A11D242A7F7100019FE1 /* Camera */,
				BE31A11E242A7F7C00019FE1 /* Parallax */,
				BE1C24F82426150900276024 /* AppDelegate.swift */,
				BEFDCA33242B5CBB002AF520 /* Gradients.swift */,
				BE1C24FC2426150900276024 /* ContentView.swift */,
				BE1C24FA2426150900276024 /* SceneDelegate.swift */,
				BE1C24FE2426150900276024 /* Assets.xcassets */,
				BE1C25032426150900276024 /* LaunchScreen.storyboard */,
				BE1C25062426150900276024 /* Info.plist */,
				BE1C25002426150900276024 /* Preview Content */,
			);
			path = 3Dify;
			sourceTree = "<group>";
		};
		BE1C25002426150900276024 /* Preview Content */ = {
			isa = PBXGroup;
			children = (
				BE1C25012426150900276024 /* Preview Assets.xcassets */,
			);
			path = "Preview Content";
			sourceTree = "<group>";
		};
		BE268880242B594C00F165C5 /* Supporting Views */ = {
			isa = PBXGroup;
			children = (
				BE268886242B5AD000F165C5 /* CardView.swift */,
				BE26887A242B57CC00F165C5 /* TabBar.swift */,
				BEFDCA35242B9907002AF520 /* SlideOverCard.swift */,
				BEFDCA37242B9916002AF520 /* Handle.swift */,
				BE6D380B242E591A00DDF82D /* BlurView.swift */,
			);
			path = "Supporting Views";
			sourceTree = "<group>";
		};
		BE268888242B5AF000F165C5 /* Supporting Algorithms */ = {
			isa = PBXGroup;
			children = (
				BE268889242B5AF000F165C5 /* Path Animation */,
			);
			path = "Supporting Algorithms";
			sourceTree = "<group>";
		};
		BE268889242B5AF000F165C5 /* Path Animation */ = {
			isa = PBXGroup;
			children = (
				BE26888A242B5AF000F165C5 /* Path+Length.swift */,
				BE26888B242B5AF000F165C5 /* Array+VectorArithmetic.swift */,
				BE26888C242B5AF000F165C5 /* InterpolatedShape.swift */,
				BE26888D242B5AF000F165C5 /* AnimatableDataSimilarShape.swift */,
				BE26888E242B5AF000F165C5 /* Path+VectorArithmetic.swift */,
				BE26888F242B5AF000F165C5 /* SimilarShape.swift */,
			);
			path = "Path Animation";
			sourceTree = "<group>";
		};
		BE26889E242B5B1100F165C5 /* Computer Vision */ = {
			isa = PBXGroup;
			children = (
				BE2688A1242B5B1100F165C5 /* AVDepthData+Utils.swift */,
				BE2688A4242B5B1200F165C5 /* CGImageSource+Utils.swift */,
				BE2688A3242B5B1200F165C5 /* CIImage+Utils.swift */,
				BE26889F242B5B1100F165C5 /* CVPixelBuffer+Utils.swift */,
				BE2688A0242B5B1100F165C5 /* Photos+Utils.swift */,
				BE2688A2242B5B1100F165C5 /* UIImage+Utils.swift */,
				BE26887C242B581600F165C5 /* PHAsset+Utils.swift */,
			);
			path = "Computer Vision";
			sourceTree = "<group>";
		};
		BE31A11C242A7F6000019FE1 /* Models */ = {
			isa = PBXGroup;
			children = (
				BE31A11A242A7C7300019FE1 /* DepthImage.swift */,
			);
			path = Models;
			sourceTree = "<group>";
		};
		BE31A11D242A7F7100019FE1 /* Camera */ = {
			isa = PBXGroup;
			children = (
				BE1C250C242615A200276024 /* CameraCoordinator.swift */,
				BE1C250E2426193E00276024 /* CameraViewController.swift */,
			);
			path = Camera;
			sourceTree = "<group>";
		};
		BE31A11E242A7F7C00019FE1 /* Parallax */ = {
			isa = PBXGroup;
			children = (
				BE31A118242A383A00019FE1 /* ImageParallax.metal */,
				BE1C251424264A8700276024 /* ImageParallaxViewController.swift */,
			);
			path = Parallax;
			sourceTree = "<group>";
		};
		BE31A11F242A815000019FE1 /* Picker */ = {
			isa = PBXGroup;
			children = (
				BE31A120242A81A100019FE1 /* ImagePickerViewController.swift */,
				BE26887E242B583E00F165C5 /* ImageCell.swift */,
			);
			path = Picker;
			sourceTree = "<group>";
		};
		BE31A122242AAC9B00019FE1 /* Supporting Extensions */ = {
			isa = PBXGroup;
			children = (
				BE26889E242B5B1100F165C5 /* Computer Vision */,
			);
			path = "Supporting Extensions";
			sourceTree = "<group>";
		};
		BEEA81A6242C93390074BBAE /* Depth Prediction */ = {
			isa = PBXGroup;
			children = (
				BEABE6E6242CD4830071C556 /* DepthToColorMap.metal */,
				BEABE6E7242CD4840071C556 /* DepthToColorMapConverter.swift */,
				BEABE6E8242CD4860071C556 /* FilterRenderer.swift */,
				BEEA81AF242C9AA10074BBAE /* OptimizedPydnet.mlmodel */,
			);
			path = "Depth Prediction";
			sourceTree = "<group>";
		};
/* End PBXGroup section */

/* Begin PBXNativeTarget section */
		BE1C24F42426150900276024 /* 3Dify */ = {
			isa = PBXNativeTarget;
			buildConfigurationList = BE1C25092426150900276024 /* Build configuration list for PBXNativeTarget "3Dify" */;
			buildPhases = (
				BE1C24F12426150900276024 /* Sources */,
				BE1C24F22426150900276024 /* Frameworks */,
				BE1C24F32426150900276024 /* Resources */,
			);
			buildRules = (
			);
			dependencies = (
			);
			name = 3Dify;
			productName = 3Dify;
			productReference = BE1C24F52426150900276024 /* 3Dify.app */;
			productType = "com.apple.product-type.application";
		};
/* End PBXNativeTarget section */

/* Begin PBXProject section */
		BE1C24ED2426150900276024 /* Project object */ = {
			isa = PBXProject;
			attributes = {
				LastSwiftUpdateCheck = 1130;
				LastUpgradeCheck = 1130;
				ORGANIZATIONNAME = "Philipp Matthes";
				TargetAttributes = {
					BE1C24F42426150900276024 = {
						CreatedOnToolsVersion = 11.3.1;
					};
				};
			};
			buildConfigurationList = BE1C24F02426150900276024 /* Build configuration list for PBXProject "3Dify" */;
			compatibilityVersion = "Xcode 9.3";
			developmentRegion = en;
			hasScannedForEncodings = 0;
			knownRegions = (
				en,
				Base,
			);
			mainGroup = BE1C24EC2426150900276024;
			productRefGroup = BE1C24F62426150900276024 /* Products */;
			projectDirPath = "";
			projectRoot = "";
			targets = (
				BE1C24F42426150900276024 /* 3Dify */,
			);
		};
/* End PBXProject section */

/* Begin PBXResourcesBuildPhase section */
		BE1C24F32426150900276024 /* Resources */ = {
			isa = PBXResourcesBuildPhase;
			buildActionMask = 2147483647;
			files = (
				BE1C25052426150900276024 /* LaunchScreen.storyboard in Resources */,
				BE1C25022426150900276024 /* Preview Assets.xcassets in Resources */,
				BE1C24FF2426150900276024 /* Assets.xcassets in Resources */,
			);
			runOnlyForDeploymentPostprocessing = 0;
		};
/* End PBXResourcesBuildPhase section */

/* Begin PBXSourcesBuildPhase section */
		BE1C24F12426150900276024 /* Sources */ = {
			isa = PBXSourcesBuildPhase;
			buildActionMask = 2147483647;
			files = (
				BE1C24F92426150900276024 /* AppDelegate.swift in Sources */,
				BE268898242B5AF000F165C5 /* AnimatableDataSimilarShape.swift in Sources */,
				BE2688AD242B5B8700F165C5 /* CIImage+Utils.swift in Sources */,
				BEFDCA38242B9916002AF520 /* Handle.swift in Sources */,
				BE31A121242A81A100019FE1 /* ImagePickerViewController.swift in Sources */,
				BE2688AF242B5B8700F165C5 /* Photos+Utils.swift in Sources */,
				BE2688B1242B5B8700F165C5 /* PHAsset+Utils.swift in Sources */,
				BEABE6EA242CD4860071C556 /* DepthToColorMapConverter.swift in Sources */,
				BE268899242B5AF000F165C5 /* Path+VectorArithmetic.swift in Sources */,
				BE26887B242B57CC00F165C5 /* TabBar.swift in Sources */,
				BEFDCA36242B9907002AF520 /* SlideOverCard.swift in Sources */,
				BE1C250F2426193E00276024 /* CameraViewController.swift in Sources */,
				BEABE6EB242CD4860071C556 /* FilterRenderer.swift in Sources */,
				BE268896242B5AF000F165C5 /* Array+VectorArithmetic.swift in Sources */,
				BEEA81B0242C9AA10074BBAE /* OptimizedPydnet.mlmodel in Sources */,
				BE26889A242B5AF000F165C5 /* SimilarShape.swift in Sources */,
				BE268895242B5AF000F165C5 /* Path+Length.swift in Sources */,
				BE2688B0242B5B8700F165C5 /* UIImage+Utils.swift in Sources */,
				BEFDCA34242B5CBB002AF520 /* Gradients.swift in Sources */,
				BE268887242B5AD000F165C5 /* CardView.swift in Sources */,
				BE2688AE242B5B8700F165C5 /* CVPixelBuffer+Utils.swift in Sources */,
				BE2688AC242B5B8700F165C5 /* CGImageSource+Utils.swift in Sources */,
				BE1C24FB2426150900276024 /* SceneDelegate.swift in Sources */,
				BE31A11B242A7C7300019FE1 /* DepthImage.swift in Sources */,
				BE1C251524264A8700276024 /* ImageParallaxViewController.swift in Sources */,
				BEABE6E9242CD4860071C556 /* DepthToColorMap.metal in Sources */,
				BE6D380C242E591A00DDF82D /* BlurView.swift in Sources */,
				BE2688AB242B5B8700F165C5 /* AVDepthData+Utils.swift in Sources */,
				BE268897242B5AF000F165C5 /* InterpolatedShape.swift in Sources */,
				BE26887F242B583E00F165C5 /* ImageCell.swift in Sources */,
				BE31A119242A383A00019FE1 /* ImageParallax.metal in Sources */,
				BE1C250D242615A200276024 /* CameraCoordinator.swift in Sources */,
				BE1C24FD2426150900276024 /* ContentView.swift in Sources */,
			);
			runOnlyForDeploymentPostprocessing = 0;
		};
/* End PBXSourcesBuildPhase section */

/* Begin PBXVariantGroup section */
		BE1C25032426150900276024 /* LaunchScreen.storyboard */ = {
			isa = PBXVariantGroup;
			children = (
				BE1C25042426150900276024 /* Base */,
			);
			name = LaunchScreen.storyboard;
			sourceTree = "<group>";
		};
/* End PBXVariantGroup section */

/* Begin XCBuildConfiguration section */
		BE1C25072426150900276024 /* Debug */ = {
			isa = XCBuildConfiguration;
			buildSettings = {
				ALWAYS_SEARCH_USER_PATHS = NO;
				CLANG_ANALYZER_NONNULL = YES;
				CLANG_ANALYZER_NUMBER_OBJECT_CONVERSION = YES_AGGRESSIVE;
				CLANG_CXX_LANGUAGE_STANDARD = "gnu++14";
				CLANG_CXX_LIBRARY = "libc++";
				CLANG_ENABLE_MODULES = YES;
				CLANG_ENABLE_OBJC_ARC = YES;
				CLANG_ENABLE_OBJC_WEAK = YES;
				CLANG_WARN_BLOCK_CAPTURE_AUTORELEASING = YES;
				CLANG_WARN_BOOL_CONVERSION = YES;
				CLANG_WARN_COMMA = YES;
				CLANG_WARN_CONSTANT_CONVERSION = YES;
				CLANG_WARN_DEPRECATED_OBJC_IMPLEMENTATIONS = YES;
				CLANG_WARN_DIRECT_OBJC_ISA_USAGE = YES_ERROR;
				CLANG_WARN_DOCUMENTATION_COMMENTS = YES;
				CLANG_WARN_EMPTY_BODY = YES;
				CLANG_WARN_ENUM_CONVERSION = YES;
				CLANG_WARN_INFINITE_RECURSION = YES;
				CLANG_WARN_INT_CONVERSION = YES;
				CLANG_WARN_NON_LITERAL_NULL_CONVERSION = YES;
				CLANG_WARN_OBJC_IMPLICIT_RETAIN_SELF = YES;
				CLANG_WARN_OBJC_LITERAL_CONVERSION = YES;
				CLANG_WARN_OBJC_ROOT_CLASS = YES_ERROR;
				CLANG_WARN_RANGE_LOOP_ANALYSIS = YES;
				CLANG_WARN_STRICT_PROTOTYPES = YES;
				CLANG_WARN_SUSPICIOUS_MOVE = YES;
				CLANG_WARN_UNGUARDED_AVAILABILITY = YES_AGGRESSIVE;
				CLANG_WARN_UNREACHABLE_CODE = YES;
				CLANG_WARN__DUPLICATE_METHOD_MATCH = YES;
				COPY_PHASE_STRIP = NO;
				DEBUG_INFORMATION_FORMAT = dwarf;
				ENABLE_STRICT_OBJC_MSGSEND = YES;
				ENABLE_TESTABILITY = YES;
				GCC_C_LANGUAGE_STANDARD = gnu11;
				GCC_DYNAMIC_NO_PIC = NO;
				GCC_NO_COMMON_BLOCKS = YES;
				GCC_OPTIMIZATION_LEVEL = 0;
				GCC_PREPROCESSOR_DEFINITIONS = (
					"DEBUG=1",
					"$(inherited)",
				);
				GCC_WARN_64_TO_32_BIT_CONVERSION = YES;
				GCC_WARN_ABOUT_RETURN_TYPE = YES_ERROR;
				GCC_WARN_UNDECLARED_SELECTOR = YES;
				GCC_WARN_UNINITIALIZED_AUTOS = YES_AGGRESSIVE;
				GCC_WARN_UNUSED_FUNCTION = YES;
				GCC_WARN_UNUSED_VARIABLE = YES;
				IPHONEOS_DEPLOYMENT_TARGET = 13.2;
				MTL_ENABLE_DEBUG_INFO = INCLUDE_SOURCE;
				MTL_FAST_MATH = YES;
				ONLY_ACTIVE_ARCH = YES;
				SDKROOT = iphoneos;
				SWIFT_ACTIVE_COMPILATION_CONDITIONS = DEBUG;
				SWIFT_OPTIMIZATION_LEVEL = "-Onone";
			};
			name = Debug;
		};
		BE1C25082426150900276024 /* Release */ = {
			isa = XCBuildConfiguration;
			buildSettings = {
				ALWAYS_SEARCH_USER_PATHS = NO;
				CLANG_ANALYZER_NONNULL = YES;
				CLANG_ANALYZER_NUMBER_OBJECT_CONVERSION = YES_AGGRESSIVE;
				CLANG_CXX_LANGUAGE_STANDARD = "gnu++14";
				CLANG_CXX_LIBRARY = "libc++";
				CLANG_ENABLE_MODULES = YES;
				CLANG_ENABLE_OBJC_ARC = YES;
				CLANG_ENABLE_OBJC_WEAK = YES;
				CLANG_WARN_BLOCK_CAPTURE_AUTORELEASING = YES;
				CLANG_WARN_BOOL_CONVERSION = YES;
				CLANG_WARN_COMMA = YES;
				CLANG_WARN_CONSTANT_CONVERSION = YES;
				CLANG_WARN_DEPRECATED_OBJC_IMPLEMENTATIONS = YES;
				CLANG_WARN_DIRECT_OBJC_ISA_USAGE = YES_ERROR;
				CLANG_WARN_DOCUMENTATION_COMMENTS = YES;
				CLANG_WARN_EMPTY_BODY = YES;
				CLANG_WARN_ENUM_CONVERSION = YES;
				CLANG_WARN_INFINITE_RECURSION = YES;
				CLANG_WARN_INT_CONVERSION = YES;
				CLANG_WARN_NON_LITERAL_NULL_CONVERSION = YES;
				CLANG_WARN_OBJC_IMPLICIT_RETAIN_SELF = YES;
				CLANG_WARN_OBJC_LITERAL_CONVERSION = YES;
				CLANG_WARN_OBJC_ROOT_CLASS = YES_ERROR;
				CLANG_WARN_RANGE_LOOP_ANALYSIS = YES;
				CLANG_WARN_STRICT_PROTOTYPES = YES;
				CLANG_WARN_SUSPICIOUS_MOVE = YES;
				CLANG_WARN_UNGUARDED_AVAILABILITY = YES_AGGRESSIVE;
				CLANG_WARN_UNREACHABLE_CODE = YES;
				CLANG_WARN__DUPLICATE_METHOD_MATCH = YES;
				COPY_PHASE_STRIP = NO;
				DEBUG_INFORMATION_FORMAT = "dwarf-with-dsym";
				ENABLE_NS_ASSERTIONS = NO;
				ENABLE_STRICT_OBJC_MSGSEND = YES;
				GCC_C_LANGUAGE_STANDARD = gnu11;
				GCC_NO_COMMON_BLOCKS = YES;
				GCC_WARN_64_TO_32_BIT_CONVERSION = YES;
				GCC_WARN_ABOUT_RETURN_TYPE = YES_ERROR;
				GCC_WARN_UNDECLARED_SELECTOR = YES;
				GCC_WARN_UNINITIALIZED_AUTOS = YES_AGGRESSIVE;
				GCC_WARN_UNUSED_FUNCTION = YES;
				GCC_WARN_UNUSED_VARIABLE = YES;
				IPHONEOS_DEPLOYMENT_TARGET = 13.2;
				MTL_ENABLE_DEBUG_INFO = NO;
				MTL_FAST_MATH = YES;
				SDKROOT = iphoneos;
				SWIFT_COMPILATION_MODE = wholemodule;
				SWIFT_OPTIMIZATION_LEVEL = "-O";
				VALIDATE_PRODUCT = YES;
			};
			name = Release;
		};
		BE1C250A2426150900276024 /* Debug */ = {
			isa = XCBuildConfiguration;
			buildSettings = {
				ASSETCATALOG_COMPILER_APPICON_NAME = AppIcon;
				CODE_SIGN_STYLE = Automatic;
				DEVELOPMENT_ASSET_PATHS = "\"3Dify/Preview Content\"";
				DEVELOPMENT_TEAM = S36925NV4E;
				ENABLE_PREVIEWS = YES;
				INFOPLIST_FILE = 3Dify/Info.plist;
				LD_RUNPATH_SEARCH_PATHS = (
					"$(inherited)",
					"@executable_path/Frameworks",
				);
				PRODUCT_BUNDLE_IDENTIFIER = "com.philippmatthes.-Dify";
				PRODUCT_NAME = "$(TARGET_NAME)";
				SWIFT_VERSION = 5.0;
				TARGETED_DEVICE_FAMILY = "1,2";
			};
			name = Debug;
		};
		BE1C250B2426150900276024 /* Release */ = {
			isa = XCBuildConfiguration;
			buildSettings = {
				ASSETCATALOG_COMPILER_APPICON_NAME = AppIcon;
				CODE_SIGN_STYLE = Automatic;
				DEVELOPMENT_ASSET_PATHS = "\"3Dify/Preview Content\"";
				DEVELOPMENT_TEAM = S36925NV4E;
				ENABLE_PREVIEWS = YES;
				INFOPLIST_FILE = 3Dify/Info.plist;
				LD_RUNPATH_SEARCH_PATHS = (
					"$(inherited)",
					"@executable_path/Frameworks",
				);
				PRODUCT_BUNDLE_IDENTIFIER = "com.philippmatthes.-Dify";
				PRODUCT_NAME = "$(TARGET_NAME)";
				SWIFT_VERSION = 5.0;
				TARGETED_DEVICE_FAMILY = "1,2";
			};
			name = Release;
		};
/* End XCBuildConfiguration section */

/* Begin XCConfigurationList section */
		BE1C24F02426150900276024 /* Build configuration list for PBXProject "3Dify" */ = {
			isa = XCConfigurationList;
			buildConfigurations = (
				BE1C25072426150900276024 /* Debug */,
				BE1C25082426150900276024 /* Release */,
			);
			defaultConfigurationIsVisible = 0;
			defaultConfigurationName = Release;
		};
		BE1C25092426150900276024 /* Build configuration list for PBXNativeTarget "3Dify" */ = {
			isa = XCConfigurationList;
			buildConfigurations = (
				BE1C250A2426150900276024 /* Debug */,
				BE1C250B2426150900276024 /* Release */,
			);
			defaultConfigurationIsVisible = 0;
			defaultConfigurationName = Release;
		};
/* End XCConfigurationList section */
	};
	rootObject = BE1C24ED2426150900276024 /* Project object */;
}
